
Microsoft Visual Studio Solution File, Format Version 12.00
# Visual Studio Version 17
VisualStudioVersion = 17.5.002.0
MinimumVisualStudioVersion = 10.0.40219.1
Project("{9A19103F-16F7-4668-BE54-9A1E7A4F7556}") = "Backend.Tests", "Backend.Tests.csproj", "{90847BCC-2552-4CEC-9E76-7C4730E4D8A1}"
EndProject
Global
	GlobalSection(SolutionConfigurationPlatforms) = preSolution
		Debug|Any CPU = Debug|Any CPU
		Release|Any CPU = Release|Any CPU
	EndGlobalSection
	GlobalSection(ProjectConfigurationPlatforms) = postSolution
		{90847BCC-2552-4CEC-9E76-7C4730E4D8A1}.Debug|Any CPU.ActiveCfg = Debug|Any CPU
		{90847BCC-2552-4CEC-9E76-7C4730E4D8A1}.Debug|Any CPU.Build.0 = Debug|Any CPU
		{90847BCC-2552-4CEC-9E76-7C4730E4D8A1}.Release|Any CPU.ActiveCfg = Release|Any CPU
		{90847BCC-2552-4CEC-9E76-7C4730E4D8A1}.Release|Any CPU.Build.0 = Release|Any CPU
	EndGlobalSection
	GlobalSection(SolutionProperties) = preSolution
		HideSolutionNode = FALSE
	EndGlobalSection
	GlobalSection(ExtensibilityGlobals) = postSolution
		SolutionGuid = {BE0D7BCF-FB6E-40FF-9AA5-4C00CFC85E70}
	EndGlobalSection
EndGlobal
