
Microsoft Visual Studio Solution File, Format Version 12.00
# Visual Studio Version 17
VisualStudioVersion = 17.5.002.0
MinimumVisualStudioVersion = 10.0.40219.1
Project("{9A19103F-16F7-4668-BE54-9A1E7A4F7556}") = "Src\greenBayAPI", "Src\greenBayAPI.csproj", "{FB02F1B9-2F4B-4B58-B859-EFF226A3C8F6}"
EndProject
Project("{FAE04EC0-301F-11D3-BF4B-00C04F79EFBC}") = "Backend.Tests", "Backend.Tests\Backend.Tests.csproj", "{BECCEFDF-580E-4149-9232-62A4BE40B972}"
EndProject
Global
	GlobalSection(SolutionConfigurationPlatforms) = preSolution
		Debug|Any CPU = Debug|Any CPU
		Release|Any CPU = Release|Any CPU
	EndGlobalSection
	GlobalSection(ProjectConfigurationPlatforms) = postSolution
		{FB02F1B9-2F4B-4B58-B859-EFF226A3C8F6}.Debug|Any CPU.ActiveCfg = Debug|Any CPU
		{FB02F1B9-2F4B-4B58-B859-EFF226A3C8F6}.Debug|Any CPU.Build.0 = Debug|Any CPU
		{FB02F1B9-2F4B-4B58-B859-EFF226A3C8F6}.Release|Any CPU.ActiveCfg = Release|Any CPU
		{FB02F1B9-2F4B-4B58-B859-EFF226A3C8F6}.Release|Any CPU.Build.0 = Release|Any CPU
		{BECCEFDF-580E-4149-9232-62A4BE40B972}.Debug|Any CPU.ActiveCfg = Debug|Any CPU
		{BECCEFDF-580E-4149-9232-62A4BE40B972}.Debug|Any CPU.Build.0 = Debug|Any CPU
		{BECCEFDF-580E-4149-9232-62A4BE40B972}.Release|Any CPU.ActiveCfg = Release|Any CPU
		{BECCEFDF-580E-4149-9232-62A4BE40B972}.Release|Any CPU.Build.0 = Release|Any CPU
	EndGlobalSection
	GlobalSection(SolutionProperties) = preSolution
		HideSolutionNode = FALSE
	EndGlobalSection
	GlobalSection(ExtensibilityGlobals) = postSolution
		SolutionGuid = {154BA9E9-DCED-4B63-AA42-66053375491C}
	EndGlobalSection
EndGlobal
